GIT
  remote: https://github.com/ccutrer/yard.git
  revision: 135341bffab14d3491938b7cc0845f1d9be90d11
  branch: integration
  specs:
    yard (0.9.37)

PATH
  remote: .
  specs:
    openhab-scripting (5.47.0)
      bundler (>= 2.2, < 5.0)
      marcel (~> 1.0)
      method_source (~> 1.0)
      openhab (>= 5.0.0, < 5.3)

GEM
  remote: https://rubygems.org/
  specs:
    ast (2.4.3)
    bigdecimal (4.0.1)
    bigdecimal (4.0.1-java)
    builder (3.3.0)
    coderay (1.1.3)
    commonmarker (2.6.1)
      rb_sys (~> 0.9)
    commonmarker (2.6.1-arm64-darwin)
    commonmarker (2.6.1-x86_64-linux)
    concurrent-ruby (1.3.6)
    csv (3.3.5)
    cucumber (9.2.1)
      builder (~> 3.2)
      cucumber-ci-environment (> 9, < 11)
      cucumber-core (> 13, < 14)
      cucumber-cucumber-expressions (~> 17.0)
      cucumber-gherkin (> 24, < 28)
      cucumber-html-formatter (> 20.3, < 22)
      cucumber-messages (> 19, < 25)
      diff-lcs (~> 1.5)
      mini_mime (~> 1.1)
      multi_test (~> 1.1)
      sys-uname (~> 1.2)
    cucumber-ci-environment (10.0.1)
    cucumber-core (13.0.3)
      cucumber-gherkin (>= 27, < 28)
      cucumber-messages (>= 20, < 23)
      cucumber-tag-expressions (> 5, < 7)
    cucumber-cucumber-expressions (17.1.0)
      bigdecimal
    cucumber-gherkin (27.0.0)
      cucumber-messages (>= 19.1.4, < 23)
    cucumber-html-formatter (21.15.1)
      cucumber-messages (> 19, < 28)
    cucumber-messages (22.0.0)
    cucumber-tag-expressions (6.1.2)
    cuke_linter (1.3.0)
      cuke_modeler (>= 1.5, < 4.0)
    cuke_modeler (3.26.0)
      cucumber-gherkin (< 37.0)
    date (3.5.1)
    date (3.5.1-java)
    debug (1.11.1)
      irb (~> 1.10)
      reline (>= 0.3.8)
    diff-lcs (1.6.2)
    erb (6.0.1)
    erb (6.0.1-java)
    ffi (1.17.3)
    ffi (1.17.3-arm64-darwin)
    ffi (1.17.3-java)
    ffi (1.17.3-x86_64-linux-gnu)
    gem-release (2.2.4)
    gene_pool (1.5.0)
      concurrent-ruby (>= 1.0)
    httparty (0.24.0)
      csv
      mini_mime (>= 1.0.0)
      multi_xml (>= 0.5.2)
    io-console (0.8.2)
    io-console (0.8.2-java)
    irb (1.16.0)
      pp (>= 0.6.0)
      rdoc (>= 4.0.0)
      reline (>= 0.4.2)
    jar-dependencies (0.4.1)
    json (2.18.0)
    json (2.18.0-java)
    language_server-protocol (3.17.0.5)
    lint_roller (1.1.0)
    marcel (1.1.0)
    memoist3 (1.0.0)
    method_source (1.1.0)
    mini_mime (1.1.5)
    mini_portile2 (2.8.9)
    multi_test (1.1.0)
    multi_xml (0.8.1)
      bigdecimal (>= 3.1, < 5)
    nio4r (2.7.5)
    nio4r (2.7.5-java)
    nokogiri (1.19.0)
      mini_portile2 (~> 2.8.2)
      racc (~> 1.4)
    nokogiri (1.19.0-arm64-darwin)
      racc (~> 1.4)
    nokogiri (1.19.0-java)
      racc (~> 1.4)
    nokogiri (1.19.0-x86_64-linux-gnu)
      racc (~> 1.4)
    openhab (5.1.0)
    parallel (1.27.0)
    parser (3.3.10.0)
      ast (~> 2.4.1)
      racc
    pastel (0.8.0)
      tty-color (~> 0.5)
    persistent_http (1.0.6)
      gene_pool (>= 1.3)
    persistent_httparty (0.1.2)
      httparty (~> 0.9)
      persistent_http (< 2)
    pp (0.6.3)
      prettyprint
    prettyprint (0.2.0)
    prism (1.7.0)
    process_exists (0.2.0)
    psych (5.3.1)
      date
      stringio
    psych (5.3.1-java)
      date
      jar-dependencies (>= 0.1.7)
    puma (6.6.1)
      nio4r (~> 2.0)
    racc (1.8.1)
    racc (1.8.1-java)
    rack (3.2.4)
    rackup (2.3.1)
      rack (>= 3)
    rainbow (3.1.1)
    rake (13.3.1)
    rake-compiler-dock (1.11.0)
    rb_sys (0.9.124)
      rake-compiler-dock (= 1.11.0)
    rdoc (7.0.3)
      erb
      psych (>= 4.0.0)
      tsort
    regexp_parser (2.11.3)
    reline (0.6.3)
      io-console (~> 0.5)
    rspec (3.13.2)
      rspec-core (~> 3.13.0)
      rspec-expectations (~> 3.13.0)
      rspec-mocks (~> 3.13.0)
    rspec-core (3.13.6)
      rspec-support (~> 3.13.0)
    rspec-expectations (3.13.5)
      diff-lcs (>= 1.2.0, < 2.0)
      rspec-support (~> 3.13.0)
    rspec-mocks (3.13.7)
      diff-lcs (>= 1.2.0, < 2.0)
      rspec-support (~> 3.13.0)
    rspec-support (3.13.6)
    rubocop (1.82.1)
      json (~> 2.3)
      language_server-protocol (~> 3.17.0.2)
      lint_roller (~> 1.1.0)
      parallel (~> 1.10)
      parser (>= 3.3.0.2)
      rainbow (>= 2.2.2, < 4.0)
      regexp_parser (>= 2.9.3, < 3.0)
      rubocop-ast (>= 1.48.0, < 2.0)
      ruby-progressbar (~> 1.7)
      unicode-display_width (>= 2.4.0, < 4.0)
    rubocop-ast (1.49.0)
      parser (>= 3.3.7.2)
      prism (~> 1.7)
    rubocop-inst (1.2.2)
      rubocop (~> 1.72, >= 1.72.1)
      rubocop-performance (~> 1.24)
    rubocop-performance (1.26.1)
      lint_roller (~> 1.1)
      rubocop (>= 1.75.0, < 2.0)
      rubocop-ast (>= 1.47.1, < 2.0)
    rubocop-rake (0.7.1)
      lint_roller (~> 1.1)
      rubocop (>= 1.72.1)
    rubocop-rspec (3.9.0)
      lint_roller (~> 1.1)
      rubocop (~> 1.81)
    ruby-progressbar (1.13.0)
    stringio (3.2.0)
    sys-uname (1.4.1)
      ffi (~> 1.1)
      memoist3 (~> 1.0.0)
    timecop (0.9.10)
    tsort (0.2.0)
    tty-color (0.6.0)
    tty-command (0.10.1)
      pastel (~> 0.8)
    unicode-display_width (3.2.0)
      unicode-emoji (~> 4.1)
    unicode-emoji (4.2.0)
    yaml-lint (0.1.2)

PLATFORMS
  arm64-darwin
  ruby
  universal-java-21
  x86_64-linux

DEPENDENCIES
  coderay (~> 1.1.3)
  commonmarker (~> 2.0)
  cucumber (~> 9.2)
  cuke_linter (~> 1.2)
  debug (~> 1.9)
  gem-release (~> 2.2)
  httparty (~> 0.20)
  irb (~> 1.15)
  jar-dependencies (= 0.4.1)
  nokogiri (~> 1.15)
  openhab-scripting!
  persistent_httparty (~> 0.1)
  process_exists (~> 0.2)
  puma (~> 6.6)
  rackup (~> 2.2)
  rake (~> 13.0)
  rspec (~> 3.11)
  rubocop-inst (~> 1.0)
  rubocop-rake (~> 0.6)
  rubocop-rspec (~> 3.5)
  timecop (~> 0.9)
  tty-command (~> 0.10)
  yaml-lint (~> 0.0)
  yard!

BUNDLED WITH
  4.0.3
